// !$*UTF8*$!
{
	archiveVersion = 1;
	classes = {
	};
	objectVersion = 46;
	objects = {

/* Begin PBXAggregateTarget section */
		B504E6661A89690C001B414B /* Combined Framework */ = {
			isa = PBXAggregateTarget;
			buildConfigurationList = B504E6671A89690C001B414B /* Build configuration list for PBXAggregateTarget "Combined Framework" */;
			buildPhases = (
				B504E66B1A89698A001B414B /* ShellScript */,
			);
			dependencies = (
			);
			name = "Combined Framework";
			productName = "Combined Framework";
		};
/* End PBXAggregateTarget section */

/* Begin PBXBuildFile section */
		B504E65D1A8968DC001B414B /* Chronicle.framework in Frameworks */ = {isa = PBXBuildFile; fileRef = B504E6461A8968DC001B414B /* Chronicle.framework */; };
		B504E69D1A896E82001B414B /* Chronicle_Tests.swift in Sources */ = {isa = PBXBuildFile; fileRef = B504E69C1A896E82001B414B /* Chronicle_Tests.swift */; };
		B504E6A41A897017001B414B /* Chronicle.framework in Embed Frameworks */ = {isa = PBXBuildFile; fileRef = B504E6461A8968DC001B414B /* Chronicle.framework */; settings = {ATTRIBUTES = (CodeSignOnCopy, RemoveHeadersOnCopy, ); }; };
		B504E6A51A897087001B414B /* Chronicle.framework in Frameworks */ = {isa = PBXBuildFile; fileRef = B504E6461A8968DC001B414B /* Chronicle.framework */; };
		B58D64791A898F89005A0002 /* Chronicle.h in Headers */ = {isa = PBXBuildFile; fileRef = B58D64681A898F81005A0002 /* Chronicle.h */; settings = {ATTRIBUTES = (Public, ); }; };
		B58D647F1A898FBD005A0002 /* Chronicle.swift in Sources */ = {isa = PBXBuildFile; fileRef = B58D64751A898F81005A0002 /* Chronicle.swift */; };
		B58D64831A898FBE005A0002 /* Chronicle.swift in Sources */ = {isa = PBXBuildFile; fileRef = B58D64751A898F81005A0002 /* Chronicle.swift */; };
		B58D64901A899094005A0002 /* AppDelegate.swift in Sources */ = {isa = PBXBuildFile; fileRef = B58D64881A899094005A0002 /* AppDelegate.swift */; };
		B58D64911A899094005A0002 /* LaunchScreen.xib in Resources */ = {isa = PBXBuildFile; fileRef = B58D64891A899094005A0002 /* LaunchScreen.xib */; };
		B58D64921A899094005A0002 /* Main.storyboard in Resources */ = {isa = PBXBuildFile; fileRef = B58D648B1A899094005A0002 /* Main.storyboard */; };
		B58D64931A899094005A0002 /* Images.xcassets in Resources */ = {isa = PBXBuildFile; fileRef = B58D648D1A899094005A0002 /* Images.xcassets */; };
		B58D64951A899094005A0002 /* ViewController.swift in Sources */ = {isa = PBXBuildFile; fileRef = B58D648F1A899094005A0002 /* ViewController.swift */; };
		B58D64961A899285005A0002 /* Chronicle.h in Headers */ = {isa = PBXBuildFile; fileRef = B58D646B1A898F81005A0002 /* Chronicle.h */; settings = {ATTRIBUTES = (Public, ); }; };
		B5A85A491B207ABD003463BA /* Logger.swift in Sources */ = {isa = PBXBuildFile; fileRef = B5A85A481B207ABD003463BA /* Logger.swift */; };
		B5A85A4A1B207ABD003463BA /* Logger.swift in Sources */ = {isa = PBXBuildFile; fileRef = B5A85A481B207ABD003463BA /* Logger.swift */; };
		B5A85A4C1B207AD6003463BA /* Message.swift in Sources */ = {isa = PBXBuildFile; fileRef = B5A85A4B1B207AD6003463BA /* Message.swift */; };
		B5A85A4D1B207AD6003463BA /* Message.swift in Sources */ = {isa = PBXBuildFile; fileRef = B5A85A4B1B207AD6003463BA /* Message.swift */; };
		B5A85A7B1B20DAD5003463BA /* AppDelegate.swift in Sources */ = {isa = PBXBuildFile; fileRef = B5A85A7A1B20DAD5003463BA /* AppDelegate.swift */; };
		B5A85A7D1B20DAD5003463BA /* Images.xcassets in Resources */ = {isa = PBXBuildFile; fileRef = B5A85A7C1B20DAD5003463BA /* Images.xcassets */; };
		B5A85A801B20DAD5003463BA /* MainMenu.xib in Resources */ = {isa = PBXBuildFile; fileRef = B5A85A7E1B20DAD5003463BA /* MainMenu.xib */; };
		B5A85A8C1B20DAD6003463BA /* Listener_MacTests.swift in Sources */ = {isa = PBXBuildFile; fileRef = B5A85A8B1B20DAD6003463BA /* Listener_MacTests.swift */; };
		B5A85A9A1B20E93E003463BA /* NSErrorAdditions.swift in Sources */ = {isa = PBXBuildFile; fileRef = B5A85A991B20E93E003463BA /* NSErrorAdditions.swift */; };
		B5A85A9B1B20E93E003463BA /* NSErrorAdditions.swift in Sources */ = {isa = PBXBuildFile; fileRef = B5A85A991B20E93E003463BA /* NSErrorAdditions.swift */; };
		B5A85AA61B21F36A003463BA /* LogListener.swift in Sources */ = {isa = PBXBuildFile; fileRef = B5A85AA51B21F36A003463BA /* LogListener.swift */; };
		B5A85AA71B21F36A003463BA /* LogListener.swift in Sources */ = {isa = PBXBuildFile; fileRef = B5A85AA51B21F36A003463BA /* LogListener.swift */; };
		B5A85AAC1B21F3AD003463BA /* ConsoleLogger.swift in Sources */ = {isa = PBXBuildFile; fileRef = B5A85AA91B21F3AD003463BA /* ConsoleLogger.swift */; };
		B5A85AAD1B21F3AD003463BA /* ConsoleLogger.swift in Sources */ = {isa = PBXBuildFile; fileRef = B5A85AA91B21F3AD003463BA /* ConsoleLogger.swift */; };
		B5A85AAE1B21F3AD003463BA /* MultiPeerLogger.swift in Sources */ = {isa = PBXBuildFile; fileRef = B5A85AAB1B21F3AD003463BA /* MultiPeerLogger.swift */; };
		B5A85AAF1B21F3AD003463BA /* MultiPeerLogger.swift in Sources */ = {isa = PBXBuildFile; fileRef = B5A85AAB1B21F3AD003463BA /* MultiPeerLogger.swift */; };
		B5A85AB11B21F50F003463BA /* MultiPeerHandshake.swift in Sources */ = {isa = PBXBuildFile; fileRef = B5A85AB01B21F50F003463BA /* MultiPeerHandshake.swift */; };
		B5A85AB21B21F50F003463BA /* MultiPeerHandshake.swift in Sources */ = {isa = PBXBuildFile; fileRef = B5A85AB01B21F50F003463BA /* MultiPeerHandshake.swift */; };
		B5A85AB61B23E93C003463BA /* ImageMessage.swift in Sources */ = {isa = PBXBuildFile; fileRef = B5A85AB51B23E93C003463BA /* ImageMessage.swift */; };
		B5A85AB91B23E9CC003463BA /* ImageMessageMac.swift in Sources */ = {isa = PBXBuildFile; fileRef = B5A85AB81B23E9CC003463BA /* ImageMessageMac.swift */; };
		B5EA0C561B2503B300D29598 /* LogWindowController.swift in Sources */ = {isa = PBXBuildFile; fileRef = B5EA0C541B2503B300D29598 /* LogWindowController.swift */; };
		B5EA0C571B2503B300D29598 /* LogWindowController.xib in Resources */ = {isa = PBXBuildFile; fileRef = B5EA0C551B2503B300D29598 /* LogWindowController.xib */; };
		B5EA0C5B1B25115800D29598 /* LogHistory.swift in Sources */ = {isa = PBXBuildFile; fileRef = B5EA0C591B25114D00D29598 /* LogHistory.swift */; };
		B5EA0C5C1B25115800D29598 /* LogHistory.swift in Sources */ = {isa = PBXBuildFile; fileRef = B5EA0C591B25114D00D29598 /* LogHistory.swift */; };
		B5EA0C5E1B25181300D29598 /* LogHistoryManager.swift in Sources */ = {isa = PBXBuildFile; fileRef = B5EA0C5D1B25181300D29598 /* LogHistoryManager.swift */; };
		B5EA0C5F1B25181300D29598 /* LogHistoryManager.swift in Sources */ = {isa = PBXBuildFile; fileRef = B5EA0C5D1B25181300D29598 /* LogHistoryManager.swift */; };
		B5EA0C621B25286900D29598 /* LogWindowManager.swift in Sources */ = {isa = PBXBuildFile; fileRef = B5EA0C611B25286900D29598 /* LogWindowManager.swift */; };
		B5EC330D1B21E469002A9F25 /* Chronicle.framework in Copy Libraries */ = {isa = PBXBuildFile; fileRef = B504E6AF1A898110001B414B /* Chronicle.framework */; settings = {ATTRIBUTES = (CodeSignOnCopy, RemoveHeadersOnCopy, ); }; };
/* End PBXBuildFile section */

/* Begin PBXContainerItemProxy section */
		B504E65B1A8968DC001B414B /* PBXContainerItemProxy */ = {
			isa = PBXContainerItemProxy;
			containerPortal = B504E60B1A89230F001B414B /* Project object */;
			proxyType = 1;
			remoteGlobalIDString = B504E6451A8968DC001B414B;
			remoteInfo = Chronicle;
		};
		B58D64971A899FE9005A0002 /* PBXContainerItemProxy */ = {
			isa = PBXContainerItemProxy;
			containerPortal = B504E60B1A89230F001B414B /* Project object */;
			proxyType = 1;
			remoteGlobalIDString = B504E6121A89230F001B414B;
			remoteInfo = TestHost;
		};
		B5A85A861B20DAD6003463BA /* PBXContainerItemProxy */ = {
			isa = PBXContainerItemProxy;
			containerPortal = B504E60B1A89230F001B414B /* Project object */;
			proxyType = 1;
			remoteGlobalIDString = B5A85A751B20DAD5003463BA;
			remoteInfo = Listener_Mac;
		};
		B5EC330E1B21E471002A9F25 /* PBXContainerItemProxy */ = {
			isa = PBXContainerItemProxy;
			containerPortal = B504E60B1A89230F001B414B /* Project object */;
			proxyType = 1;
			remoteGlobalIDString = B504E6AE1A898110001B414B;
			remoteInfo = Chronicle_Mac;
		};
/* End PBXContainerItemProxy section */

/* Begin PBXCopyFilesBuildPhase section */
		B504E6621A8968DC001B414B /* Embed Frameworks */ = {
			isa = PBXCopyFilesBuildPhase;
			buildActionMask = 2147483647;
			dstPath = "";
			dstSubfolderSpec = 10;
			files = (
				B504E6A41A897017001B414B /* Chronicle.framework in Embed Frameworks */,
			);
			name = "Embed Frameworks";
			runOnlyForDeploymentPostprocessing = 0;
		};
		B5EC330C1B21E41F002A9F25 /* Copy Libraries */ = {
			isa = PBXCopyFilesBuildPhase;
			buildActionMask = 2147483647;
			dstPath = "";
			dstSubfolderSpec = 10;
			files = (
				B5EC330D1B21E469002A9F25 /* Chronicle.framework in Copy Libraries */,
			);
			name = "Copy Libraries";
			runOnlyForDeploymentPostprocessing = 0;
		};
/* End PBXCopyFilesBuildPhase section */

/* Begin PBXFileReference section */
		B504E6131A89230F001B414B /* ChronicleTest.app */ = {isa = PBXFileReference; explicitFileType = wrapper.application; includeInIndex = 0; path = ChronicleTest.app; sourceTree = BUILT_PRODUCTS_DIR; };
		B504E6461A8968DC001B414B /* Chronicle.framework */ = {isa = PBXFileReference; explicitFileType = wrapper.framework; includeInIndex = 0; path = Chronicle.framework; sourceTree = BUILT_PRODUCTS_DIR; };
		B504E66A1A896980001B414B /* BuildFramework.sh */ = {isa = PBXFileReference; lastKnownFileType = text.script.sh; name = BuildFramework.sh; path = Chronicle/BuildFramework.sh; sourceTree = "<group>"; };
		B504E6981A896E82001B414B /* Chronicle Tests.xctest */ = {isa = PBXFileReference; explicitFileType = wrapper.cfbundle; includeInIndex = 0; path = "Chronicle Tests.xctest"; sourceTree = BUILT_PRODUCTS_DIR; };
		B504E69B1A896E82001B414B /* Info.plist */ = {isa = PBXFileReference; lastKnownFileType = text.plist.xml; path = Info.plist; sourceTree = "<group>"; };
		B504E69C1A896E82001B414B /* Chronicle_Tests.swift */ = {isa = PBXFileReference; lastKnownFileType = sourcecode.swift; path = Chronicle_Tests.swift; sourceTree = "<group>"; };
		B504E6AF1A898110001B414B /* Chronicle.framework */ = {isa = PBXFileReference; explicitFileType = wrapper.framework; includeInIndex = 0; path = Chronicle.framework; sourceTree = BUILT_PRODUCTS_DIR; };
		B58D64671A898F81005A0002 /* Info.plist */ = {isa = PBXFileReference; lastKnownFileType = text.plist.xml; path = Info.plist; sourceTree = "<group>"; };
		B58D64681A898F81005A0002 /* Chronicle.h */ = {isa = PBXFileReference; lastKnownFileType = sourcecode.c.h; path = Chronicle.h; sourceTree = "<group>"; };
		B58D646A1A898F81005A0002 /* Info.plist */ = {isa = PBXFileReference; lastKnownFileType = text.plist.xml; path = Info.plist; sourceTree = "<group>"; };
		B58D646B1A898F81005A0002 /* Chronicle.h */ = {isa = PBXFileReference; lastKnownFileType = sourcecode.c.h; path = Chronicle.h; sourceTree = "<group>"; };
		B58D64751A898F81005A0002 /* Chronicle.swift */ = {isa = PBXFileReference; lastKnownFileType = sourcecode.swift; path = Chronicle.swift; sourceTree = "<group>"; };
		B58D64881A899094005A0002 /* AppDelegate.swift */ = {isa = PBXFileReference; fileEncoding = 4; lastKnownFileType = sourcecode.swift; path = AppDelegate.swift; sourceTree = "<group>"; };
		B58D648A1A899094005A0002 /* Base */ = {isa = PBXFileReference; lastKnownFileType = file.xib; name = Base; path = Base.lproj/LaunchScreen.xib; sourceTree = "<group>"; };
		B58D648C1A899094005A0002 /* Base */ = {isa = PBXFileReference; lastKnownFileType = file.storyboard; name = Base; path = Base.lproj/Main.storyboard; sourceTree = "<group>"; };
		B58D648D1A899094005A0002 /* Images.xcassets */ = {isa = PBXFileReference; lastKnownFileType = folder.assetcatalog; path = Images.xcassets; sourceTree = "<group>"; };
		B58D648E1A899094005A0002 /* Info.plist */ = {isa = PBXFileReference; fileEncoding = 4; lastKnownFileType = text.plist.xml; path = Info.plist; sourceTree = "<group>"; };
		B58D648F1A899094005A0002 /* ViewController.swift */ = {isa = PBXFileReference; fileEncoding = 4; lastKnownFileType = sourcecode.swift; path = ViewController.swift; sourceTree = "<group>"; };
		B5A85A481B207ABD003463BA /* Logger.swift */ = {isa = PBXFileReference; fileEncoding = 4; lastKnownFileType = sourcecode.swift; path = Logger.swift; sourceTree = "<group>"; };
		B5A85A4B1B207AD6003463BA /* Message.swift */ = {isa = PBXFileReference; fileEncoding = 4; lastKnownFileType = sourcecode.swift; path = Message.swift; sourceTree = "<group>"; };
		B5A85A761B20DAD5003463BA /* Listener_Mac.app */ = {isa = PBXFileReference; explicitFileType = wrapper.application; includeInIndex = 0; path = Listener_Mac.app; sourceTree = BUILT_PRODUCTS_DIR; };
		B5A85A791B20DAD5003463BA /* Info.plist */ = {isa = PBXFileReference; lastKnownFileType = text.plist.xml; path = Info.plist; sourceTree = "<group>"; };
		B5A85A7A1B20DAD5003463BA /* AppDelegate.swift */ = {isa = PBXFileReference; lastKnownFileType = sourcecode.swift; path = AppDelegate.swift; sourceTree = "<group>"; };
		B5A85A7C1B20DAD5003463BA /* Images.xcassets */ = {isa = PBXFileReference; lastKnownFileType = folder.assetcatalog; path = Images.xcassets; sourceTree = "<group>"; };
		B5A85A7F1B20DAD5003463BA /* Base */ = {isa = PBXFileReference; lastKnownFileType = file.xib; name = Base; path = Base.lproj/MainMenu.xib; sourceTree = "<group>"; };
		B5A85A851B20DAD5003463BA /* Listener_MacTests.xctest */ = {isa = PBXFileReference; explicitFileType = wrapper.cfbundle; includeInIndex = 0; path = Listener_MacTests.xctest; sourceTree = BUILT_PRODUCTS_DIR; };
		B5A85A8A1B20DAD6003463BA /* Info.plist */ = {isa = PBXFileReference; lastKnownFileType = text.plist.xml; path = Info.plist; sourceTree = "<group>"; };
		B5A85A8B1B20DAD6003463BA /* Listener_MacTests.swift */ = {isa = PBXFileReference; lastKnownFileType = sourcecode.swift; path = Listener_MacTests.swift; sourceTree = "<group>"; };
		B5A85A991B20E93E003463BA /* NSErrorAdditions.swift */ = {isa = PBXFileReference; fileEncoding = 4; lastKnownFileType = sourcecode.swift; path = NSErrorAdditions.swift; sourceTree = "<group>"; };
		B5A85AA51B21F36A003463BA /* LogListener.swift */ = {isa = PBXFileReference; fileEncoding = 4; lastKnownFileType = sourcecode.swift; path = LogListener.swift; sourceTree = "<group>"; };
		B5A85AA91B21F3AD003463BA /* ConsoleLogger.swift */ = {isa = PBXFileReference; fileEncoding = 4; lastKnownFileType = sourcecode.swift; path = ConsoleLogger.swift; sourceTree = "<group>"; };
		B5A85AAB1B21F3AD003463BA /* MultiPeerLogger.swift */ = {isa = PBXFileReference; fileEncoding = 4; lastKnownFileType = sourcecode.swift; path = MultiPeerLogger.swift; sourceTree = "<group>"; };
		B5A85AB01B21F50F003463BA /* MultiPeerHandshake.swift */ = {isa = PBXFileReference; fileEncoding = 4; lastKnownFileType = sourcecode.swift; path = MultiPeerHandshake.swift; sourceTree = "<group>"; };
		B5A85AB51B23E93C003463BA /* ImageMessage.swift */ = {isa = PBXFileReference; fileEncoding = 4; lastKnownFileType = sourcecode.swift; path = ImageMessage.swift; sourceTree = "<group>"; };
		B5A85AB81B23E9CC003463BA /* ImageMessageMac.swift */ = {isa = PBXFileReference; fileEncoding = 4; lastKnownFileType = sourcecode.swift; path = ImageMessageMac.swift; sourceTree = "<group>"; };
		B5EA0C541B2503B300D29598 /* LogWindowController.swift */ = {isa = PBXFileReference; fileEncoding = 4; lastKnownFileType = sourcecode.swift; name = LogWindowController.swift; path = Windows/LogWindowController.swift; sourceTree = "<group>"; };
		B5EA0C551B2503B300D29598 /* LogWindowController.xib */ = {isa = PBXFileReference; fileEncoding = 4; lastKnownFileType = file.xib; name = LogWindowController.xib; path = Windows/LogWindowController.xib; sourceTree = "<group>"; };
		B5EA0C591B25114D00D29598 /* LogHistory.swift */ = {isa = PBXFileReference; fileEncoding = 4; lastKnownFileType = sourcecode.swift; path = LogHistory.swift; sourceTree = "<group>"; };
		B5EA0C5D1B25181300D29598 /* LogHistoryManager.swift */ = {isa = PBXFileReference; fileEncoding = 4; lastKnownFileType = sourcecode.swift; path = LogHistoryManager.swift; sourceTree = "<group>"; };
		B5EA0C611B25286900D29598 /* LogWindowManager.swift */ = {isa = PBXFileReference; fileEncoding = 4; lastKnownFileType = sourcecode.swift; path = LogWindowManager.swift; sourceTree = "<group>"; };
/* End PBXFileReference section */

/* Begin PBXFrameworksBuildPhase section */
		B504E6101A89230F001B414B /* Frameworks */ = {
			isa = PBXFrameworksBuildPhase;
			buildActionMask = 2147483647;
			files = (
				B504E65D1A8968DC001B414B /* Chronicle.framework in Frameworks */,
			);
			runOnlyForDeploymentPostprocessing = 0;
		};
		B504E6421A8968DC001B414B /* Frameworks */ = {
			isa = PBXFrameworksBuildPhase;
			buildActionMask = 2147483647;
			files = (
			);
			runOnlyForDeploymentPostprocessing = 0;
		};
		B504E6951A896E82001B414B /* Frameworks */ = {
			isa = PBXFrameworksBuildPhase;
			buildActionMask = 2147483647;
			files = (
				B504E6A51A897087001B414B /* Chronicle.framework in Frameworks */,
			);
			runOnlyForDeploymentPostprocessing = 0;
		};
		B504E6AB1A898110001B414B /* Frameworks */ = {
			isa = PBXFrameworksBuildPhase;
			buildActionMask = 2147483647;
			files = (
			);
			runOnlyForDeploymentPostprocessing = 0;
		};
		B5A85A731B20DAD5003463BA /* Frameworks */ = {
			isa = PBXFrameworksBuildPhase;
			buildActionMask = 2147483647;
			files = (
			);
			runOnlyForDeploymentPostprocessing = 0;
		};
		B5A85A821B20DAD5003463BA /* Frameworks */ = {
			isa = PBXFrameworksBuildPhase;
			buildActionMask = 2147483647;
			files = (
			);
			runOnlyForDeploymentPostprocessing = 0;
		};
/* End PBXFrameworksBuildPhase section */

/* Begin PBXGroup section */
		B504E60A1A89230F001B414B = {
			isa = PBXGroup;
			children = (
				B58D64741A898F81005A0002 /* Framework Code */,
				B504E66A1A896980001B414B /* BuildFramework.sh */,
				B58D64661A898F81005A0002 /* Chronicle_Mac */,
				B58D64691A898F81005A0002 /* Chronicle_iOS */,
				B504E6991A896E82001B414B /* Chronicle Tests */,
				B5A85A771B20DAD5003463BA /* Listener_Mac */,
				B5A85A881B20DAD6003463BA /* Listener_MacTests */,
				B504E6141A89230F001B414B /* Products */,
			);
			sourceTree = "<group>";
		};
		B504E6141A89230F001B414B /* Products */ = {
			isa = PBXGroup;
			children = (
				B504E6131A89230F001B414B /* ChronicleTest.app */,
				B504E6461A8968DC001B414B /* Chronicle.framework */,
				B504E6981A896E82001B414B /* Chronicle Tests.xctest */,
				B504E6AF1A898110001B414B /* Chronicle.framework */,
				B5A85A761B20DAD5003463BA /* Listener_Mac.app */,
				B5A85A851B20DAD5003463BA /* Listener_MacTests.xctest */,
			);
			name = Products;
			sourceTree = "<group>";
		};
		B504E6991A896E82001B414B /* Chronicle Tests */ = {
			isa = PBXGroup;
			children = (
				B58D64871A899094005A0002 /* TestHost */,
				B504E69C1A896E82001B414B /* Chronicle_Tests.swift */,
				B504E69A1A896E82001B414B /* Supporting Files */,
			);
			name = "Chronicle Tests";
			path = Tests;
			sourceTree = "<group>";
		};
		B504E69A1A896E82001B414B /* Supporting Files */ = {
			isa = PBXGroup;
			children = (
				B504E69B1A896E82001B414B /* Info.plist */,
			);
			name = "Supporting Files";
			sourceTree = "<group>";
		};
		B58D64661A898F81005A0002 /* Chronicle_Mac */ = {
			isa = PBXGroup;
			children = (
				B58D64671A898F81005A0002 /* Info.plist */,
				B58D64681A898F81005A0002 /* Chronicle.h */,
			);
			name = Chronicle_Mac;
			path = Chronicle/Mac;
			sourceTree = "<group>";
		};
		B58D64691A898F81005A0002 /* Chronicle_iOS */ = {
			isa = PBXGroup;
			children = (
				B58D646A1A898F81005A0002 /* Info.plist */,
				B58D646B1A898F81005A0002 /* Chronicle.h */,
			);
			name = Chronicle_iOS;
			path = Chronicle/iOS;
			sourceTree = "<group>";
		};
		B58D64741A898F81005A0002 /* Framework Code */ = {
			isa = PBXGroup;
			children = (
				B58D64751A898F81005A0002 /* Chronicle.swift */,
				B5A85A481B207ABD003463BA /* Logger.swift */,
				B5A85A4B1B207AD6003463BA /* Message.swift */,
				B5A85AB51B23E93C003463BA /* ImageMessage.swift */,
				B5A85AB81B23E9CC003463BA /* ImageMessageMac.swift */,
				B5A85A991B20E93E003463BA /* NSErrorAdditions.swift */,
				B5A85AA81B21F3AD003463BA /* Loggers */,
				B5A85AA41B21F36A003463BA /* Listener */,
			);
			name = "Framework Code";
			path = "Chronicle/Framework Code";
			sourceTree = "<group>";
		};
		B58D64871A899094005A0002 /* TestHost */ = {
			isa = PBXGroup;
			children = (
				B58D64881A899094005A0002 /* AppDelegate.swift */,
				B58D64891A899094005A0002 /* LaunchScreen.xib */,
				B58D648B1A899094005A0002 /* Main.storyboard */,
				B58D648D1A899094005A0002 /* Images.xcassets */,
				B58D648E1A899094005A0002 /* Info.plist */,
				B58D648F1A899094005A0002 /* ViewController.swift */,
			);
			path = TestHost;
			sourceTree = "<group>";
		};
		B5A85A771B20DAD5003463BA /* Listener_Mac */ = {
			isa = PBXGroup;
			children = (
				B5A85A7A1B20DAD5003463BA /* AppDelegate.swift */,
				B5A85A7C1B20DAD5003463BA /* Images.xcassets */,
				B5A85A7E1B20DAD5003463BA /* MainMenu.xib */,
				B5A85A781B20DAD5003463BA /* Supporting Files */,
				B5EA0C581B2503BE00D29598 /* Log Window */,
			);
			path = Listener_Mac;
			sourceTree = "<group>";
		};
		B5A85A781B20DAD5003463BA /* Supporting Files */ = {
			isa = PBXGroup;
			children = (
				B5A85A791B20DAD5003463BA /* Info.plist */,
			);
			name = "Supporting Files";
			sourceTree = "<group>";
		};
		B5A85A881B20DAD6003463BA /* Listener_MacTests */ = {
			isa = PBXGroup;
			children = (
				B5A85A8B1B20DAD6003463BA /* Listener_MacTests.swift */,
				B5A85A891B20DAD6003463BA /* Supporting Files */,
			);
			path = Listener_MacTests;
			sourceTree = "<group>";
		};
		B5A85A891B20DAD6003463BA /* Supporting Files */ = {
			isa = PBXGroup;
			children = (
				B5A85A8A1B20DAD6003463BA /* Info.plist */,
			);
			name = "Supporting Files";
			sourceTree = "<group>";
		};
		B5A85AA41B21F36A003463BA /* Listener */ = {
			isa = PBXGroup;
			children = (
				B5A85AA51B21F36A003463BA /* LogListener.swift */,
				B5EA0C591B25114D00D29598 /* LogHistory.swift */,
				B5EA0C5D1B25181300D29598 /* LogHistoryManager.swift */,
			);
			name = Listener;
			path = ../Listener;
			sourceTree = "<group>";
		};
		B5A85AA81B21F3AD003463BA /* Loggers */ = {
			isa = PBXGroup;
			children = (
				B5A85AA91B21F3AD003463BA /* ConsoleLogger.swift */,
				B5A85AAA1B21F3AD003463BA /* Multipeer */,
			);
			path = Loggers;
			sourceTree = "<group>";
		};
		B5A85AAA1B21F3AD003463BA /* Multipeer */ = {
			isa = PBXGroup;
			children = (
				B5A85AAB1B21F3AD003463BA /* MultiPeerLogger.swift */,
				B5A85AB01B21F50F003463BA /* MultiPeerHandshake.swift */,
			);
			path = Multipeer;
			sourceTree = "<group>";
		};
		B5EA0C581B2503BE00D29598 /* Log Window */ = {
			isa = PBXGroup;
			children = (
				B5EA0C611B25286900D29598 /* LogWindowManager.swift */,
				B5EA0C541B2503B300D29598 /* LogWindowController.swift */,
				B5EA0C551B2503B300D29598 /* LogWindowController.xib */,
			);
			name = "Log Window";
			sourceTree = "<group>";
		};
/* End PBXGroup section */

/* Begin PBXHeadersBuildPhase section */
		B504E6431A8968DC001B414B /* Headers */ = {
			isa = PBXHeadersBuildPhase;
			buildActionMask = 2147483647;
			files = (
				B58D64961A899285005A0002 /* Chronicle.h in Headers */,
			);
			runOnlyForDeploymentPostprocessing = 0;
		};
		B504E6AC1A898110001B414B /* Headers */ = {
			isa = PBXHeadersBuildPhase;
			buildActionMask = 2147483647;
			files = (
				B58D64791A898F89005A0002 /* Chronicle.h in Headers */,
			);
			runOnlyForDeploymentPostprocessing = 0;
		};
/* End PBXHeadersBuildPhase section */

/* Begin PBXNativeTarget section */
		B504E6121A89230F001B414B /* TestHost */ = {
			isa = PBXNativeTarget;
			buildConfigurationList = B504E6321A89230F001B414B /* Build configuration list for PBXNativeTarget "TestHost" */;
			buildPhases = (
				B504E60F1A89230F001B414B /* Sources */,
				B504E6101A89230F001B414B /* Frameworks */,
				B504E6111A89230F001B414B /* Resources */,
				B504E6621A8968DC001B414B /* Embed Frameworks */,
			);
			buildRules = (
			);
			dependencies = (
				B504E65C1A8968DC001B414B /* PBXTargetDependency */,
			);
			name = TestHost;
			productName = Chronicle;
			productReference = B504E6131A89230F001B414B /* ChronicleTest.app */;
			productType = "com.apple.product-type.application";
		};
		B504E6451A8968DC001B414B /* Chronicle_iOS */ = {
			isa = PBXNativeTarget;
			buildConfigurationList = B504E65F1A8968DC001B414B /* Build configuration list for PBXNativeTarget "Chronicle_iOS" */;
			buildPhases = (
				B504E6411A8968DC001B414B /* Sources */,
				B504E6421A8968DC001B414B /* Frameworks */,
				B504E6431A8968DC001B414B /* Headers */,
				B504E6441A8968DC001B414B /* Resources */,
			);
			buildRules = (
			);
			dependencies = (
			);
			name = Chronicle_iOS;
			productName = Chronicle;
			productReference = B504E6461A8968DC001B414B /* Chronicle.framework */;
			productType = "com.apple.product-type.framework";
		};
		B504E6971A896E82001B414B /* Chronicle Tests */ = {
			isa = PBXNativeTarget;
			buildConfigurationList = B504E6A11A896E82001B414B /* Build configuration list for PBXNativeTarget "Chronicle Tests" */;
			buildPhases = (
				B504E6941A896E82001B414B /* Sources */,
				B504E6951A896E82001B414B /* Frameworks */,
				B504E6961A896E82001B414B /* Resources */,
			);
			buildRules = (
			);
			dependencies = (
				B58D64981A899FE9005A0002 /* PBXTargetDependency */,
			);
			name = "Chronicle Tests";
			productName = "Chronicle Tests";
			productReference = B504E6981A896E82001B414B /* Chronicle Tests.xctest */;
			productType = "com.apple.product-type.bundle.unit-test";
		};
		B504E6AE1A898110001B414B /* Chronicle_Mac */ = {
			isa = PBXNativeTarget;
			buildConfigurationList = B504E6C21A898111001B414B /* Build configuration list for PBXNativeTarget "Chronicle_Mac" */;
			buildPhases = (
				B504E6AA1A898110001B414B /* Sources */,
				B504E6AB1A898110001B414B /* Frameworks */,
				B504E6AC1A898110001B414B /* Headers */,
				B504E6AD1A898110001B414B /* Resources */,
			);
			buildRules = (
			);
			dependencies = (
			);
			name = Chronicle_Mac;
			productName = Chronicle_Mac;
			productReference = B504E6AF1A898110001B414B /* Chronicle.framework */;
			productType = "com.apple.product-type.framework";
		};
		B5A85A751B20DAD5003463BA /* Listener_Mac */ = {
			isa = PBXNativeTarget;
			buildConfigurationList = B5A85A8D1B20DAD6003463BA /* Build configuration list for PBXNativeTarget "Listener_Mac" */;
			buildPhases = (
				B5A85A721B20DAD5003463BA /* Sources */,
				B5A85A731B20DAD5003463BA /* Frameworks */,
				B5A85A741B20DAD5003463BA /* Resources */,
				B5EC330C1B21E41F002A9F25 /* Copy Libraries */,
			);
			buildRules = (
			);
			dependencies = (
				B5EC330F1B21E471002A9F25 /* PBXTargetDependency */,
			);
			name = Listener_Mac;
			productName = Listener_Mac;
			productReference = B5A85A761B20DAD5003463BA /* Listener_Mac.app */;
			productType = "com.apple.product-type.application";
		};
		B5A85A841B20DAD5003463BA /* Listener_MacTests */ = {
			isa = PBXNativeTarget;
			buildConfigurationList = B5A85A901B20DAD6003463BA /* Build configuration list for PBXNativeTarget "Listener_MacTests" */;
			buildPhases = (
				B5A85A811B20DAD5003463BA /* Sources */,
				B5A85A821B20DAD5003463BA /* Frameworks */,
				B5A85A831B20DAD5003463BA /* Resources */,
			);
			buildRules = (
			);
			dependencies = (
				B5A85A871B20DAD6003463BA /* PBXTargetDependency */,
			);
			name = Listener_MacTests;
			productName = Listener_MacTests;
			productReference = B5A85A851B20DAD5003463BA /* Listener_MacTests.xctest */;
			productType = "com.apple.product-type.bundle.unit-test";
		};
/* End PBXNativeTarget section */

/* Begin PBXProject section */
		B504E60B1A89230F001B414B /* Project object */ = {
			isa = PBXProject;
			attributes = {
				LastUpgradeCheck = 0610;
				ORGANIZATIONNAME = "Stand Alone, inc.";
				TargetAttributes = {
					B504E6121A89230F001B414B = {
						CreatedOnToolsVersion = 6.1.1;
					};
					B504E6451A8968DC001B414B = {
						CreatedOnToolsVersion = 6.1.1;
					};
					B504E6661A89690C001B414B = {
						CreatedOnToolsVersion = 6.1.1;
					};
					B504E6971A896E82001B414B = {
						CreatedOnToolsVersion = 6.1.1;
					};
					B504E6AE1A898110001B414B = {
						CreatedOnToolsVersion = 6.1.1;
					};
					B5A85A751B20DAD5003463BA = {
						CreatedOnToolsVersion = 6.3.2;
					};
					B5A85A841B20DAD5003463BA = {
						CreatedOnToolsVersion = 6.3.2;
						TestTargetID = B5A85A751B20DAD5003463BA;
					};
				};
			};
			buildConfigurationList = B504E60E1A89230F001B414B /* Build configuration list for PBXProject "Chronicle" */;
			compatibilityVersion = "Xcode 3.2";
			developmentRegion = English;
			hasScannedForEncodings = 0;
			knownRegions = (
				en,
				Base,
			);
			mainGroup = B504E60A1A89230F001B414B;
			productRefGroup = B504E6141A89230F001B414B /* Products */;
			projectDirPath = "";
			projectRoot = "";
			targets = (
				B504E6121A89230F001B414B /* TestHost */,
				B504E6451A8968DC001B414B /* Chronicle_iOS */,
				B504E6AE1A898110001B414B /* Chronicle_Mac */,
				B504E6661A89690C001B414B /* Combined Framework */,
				B504E6971A896E82001B414B /* Chronicle Tests */,
				B5A85A751B20DAD5003463BA /* Listener_Mac */,
				B5A85A841B20DAD5003463BA /* Listener_MacTests */,
			);
		};
/* End PBXProject section */

/* Begin PBXResourcesBuildPhase section */
		B504E6111A89230F001B414B /* Resources */ = {
			isa = PBXResourcesBuildPhase;
			buildActionMask = 2147483647;
			files = (
				B58D64931A899094005A0002 /* Images.xcassets in Resources */,
				B58D64911A899094005A0002 /* LaunchScreen.xib in Resources */,
				B58D64921A899094005A0002 /* Main.storyboard in Resources */,
			);
			runOnlyForDeploymentPostprocessing = 0;
		};
		B504E6441A8968DC001B414B /* Resources */ = {
			isa = PBXResourcesBuildPhase;
			buildActionMask = 2147483647;
			files = (
			);
			runOnlyForDeploymentPostprocessing = 0;
		};
		B504E6961A896E82001B414B /* Resources */ = {
			isa = PBXResourcesBuildPhase;
			buildActionMask = 2147483647;
			files = (
			);
			runOnlyForDeploymentPostprocessing = 0;
		};
		B504E6AD1A898110001B414B /* Resources */ = {
			isa = PBXResourcesBuildPhase;
			buildActionMask = 2147483647;
			files = (
			);
			runOnlyForDeploymentPostprocessing = 0;
		};
		B5A85A741B20DAD5003463BA /* Resources */ = {
			isa = PBXResourcesBuildPhase;
			buildActionMask = 2147483647;
			files = (
				B5A85A7D1B20DAD5003463BA /* Images.xcassets in Resources */,
				B5A85A801B20DAD5003463BA /* MainMenu.xib in Resources */,
				B5EA0C571B2503B300D29598 /* LogWindowController.xib in Resources */,
			);
			runOnlyForDeploymentPostprocessing = 0;
		};
		B5A85A831B20DAD5003463BA /* Resources */ = {
			isa = PBXResourcesBuildPhase;
			buildActionMask = 2147483647;
			files = (
			);
			runOnlyForDeploymentPostprocessing = 0;
		};
/* End PBXResourcesBuildPhase section */

/* Begin PBXShellScriptBuildPhase section */
		B504E66B1A89698A001B414B /* ShellScript */ = {
			isa = PBXShellScriptBuildPhase;
			buildActionMask = 2147483647;
			files = (
			);
			inputPaths = (
			);
			outputPaths = (
			);
			runOnlyForDeploymentPostprocessing = 0;
			shellPath = /bin/sh;
			shellScript = ./Chronicle/BuildFramework.sh;
		};
/* End PBXShellScriptBuildPhase section */

/* Begin PBXSourcesBuildPhase section */
		B504E60F1A89230F001B414B /* Sources */ = {
			isa = PBXSourcesBuildPhase;
			buildActionMask = 2147483647;
			files = (
				B58D64951A899094005A0002 /* ViewController.swift in Sources */,
				B58D64901A899094005A0002 /* AppDelegate.swift in Sources */,
			);
			runOnlyForDeploymentPostprocessing = 0;
		};
		B504E6411A8968DC001B414B /* Sources */ = {
			isa = PBXSourcesBuildPhase;
			buildActionMask = 2147483647;
			files = (
				B5A85AAE1B21F3AD003463BA /* MultiPeerLogger.swift in Sources */,
				B5A85AB11B21F50F003463BA /* MultiPeerHandshake.swift in Sources */,
				B5A85A4C1B207AD6003463BA /* Message.swift in Sources */,
				B5EA0C5E1B25181300D29598 /* LogHistoryManager.swift in Sources */,
				B5A85AAC1B21F3AD003463BA /* ConsoleLogger.swift in Sources */,
				B58D647F1A898FBD005A0002 /* Chronicle.swift in Sources */,
				B5EA0C5C1B25115800D29598 /* LogHistory.swift in Sources */,
				B5A85AB61B23E93C003463BA /* ImageMessage.swift in Sources */,
				B5A85A491B207ABD003463BA /* Logger.swift in Sources */,
				B5A85A9A1B20E93E003463BA /* NSErrorAdditions.swift in Sources */,
				B5A85AA61B21F36A003463BA /* LogListener.swift in Sources */,
			);
			runOnlyForDeploymentPostprocessing = 0;
		};
		B504E6941A896E82001B414B /* Sources */ = {
			isa = PBXSourcesBuildPhase;
			buildActionMask = 2147483647;
			files = (
				B504E69D1A896E82001B414B /* Chronicle_Tests.swift in Sources */,
			);
			runOnlyForDeploymentPostprocessing = 0;
		};
		B504E6AA1A898110001B414B /* Sources */ = {
			isa = PBXSourcesBuildPhase;
			buildActionMask = 2147483647;
			files = (
				B5A85AAF1B21F3AD003463BA /* MultiPeerLogger.swift in Sources */,
				B5A85AB21B21F50F003463BA /* MultiPeerHandshake.swift in Sources */,
				B5A85A4D1B207AD6003463BA /* Message.swift in Sources */,
				B5EA0C5F1B25181300D29598 /* LogHistoryManager.swift in Sources */,
				B5A85AB91B23E9CC003463BA /* ImageMessageMac.swift in Sources */,
				B5A85AAD1B21F3AD003463BA /* ConsoleLogger.swift in Sources */,
				B5EA0C5B1B25115800D29598 /* LogHistory.swift in Sources */,
				B58D64831A898FBE005A0002 /* Chronicle.swift in Sources */,
				B5A85A4A1B207ABD003463BA /* Logger.swift in Sources */,
				B5A85A9B1B20E93E003463BA /* NSErrorAdditions.swift in Sources */,
				B5A85AA71B21F36A003463BA /* LogListener.swift in Sources */,
			);
			runOnlyForDeploymentPostprocessing = 0;
		};
		B5A85A721B20DAD5003463BA /* Sources */ = {
			isa = PBXSourcesBuildPhase;
			buildActionMask = 2147483647;
			files = (
				B5EA0C561B2503B300D29598 /* LogWindowController.swift in Sources */,
				B5A85A7B1B20DAD5003463BA /* AppDelegate.swift in Sources */,
				B5EA0C621B25286900D29598 /* LogWindowManager.swift in Sources */,
			);
			runOnlyForDeploymentPostprocessing = 0;
		};
		B5A85A811B20DAD5003463BA /* Sources */ = {
			isa = PBXSourcesBuildPhase;
			buildActionMask = 2147483647;
			files = (
				B5A85A8C1B20DAD6003463BA /* Listener_MacTests.swift in Sources */,
			);
			runOnlyForDeploymentPostprocessing = 0;
		};
/* End PBXSourcesBuildPhase section */

/* Begin PBXTargetDependency section */
		B504E65C1A8968DC001B414B /* PBXTargetDependency */ = {
			isa = PBXTargetDependency;
			target = B504E6451A8968DC001B414B /* Chronicle_iOS */;
			targetProxy = B504E65B1A8968DC001B414B /* PBXContainerItemProxy */;
		};
		B58D64981A899FE9005A0002 /* PBXTargetDependency */ = {
			isa = PBXTargetDependency;
			target = B504E6121A89230F001B414B /* TestHost */;
			targetProxy = B58D64971A899FE9005A0002 /* PBXContainerItemProxy */;
		};
		B5A85A871B20DAD6003463BA /* PBXTargetDependency */ = {
			isa = PBXTargetDependency;
			target = B5A85A751B20DAD5003463BA /* Listener_Mac */;
			targetProxy = B5A85A861B20DAD6003463BA /* PBXContainerItemProxy */;
		};
		B5EC330F1B21E471002A9F25 /* PBXTargetDependency */ = {
			isa = PBXTargetDependency;
			target = B504E6AE1A898110001B414B /* Chronicle_Mac */;
			targetProxy = B5EC330E1B21E471002A9F25 /* PBXContainerItemProxy */;
		};
/* End PBXTargetDependency section */

/* Begin PBXVariantGroup section */
		B58D64891A899094005A0002 /* LaunchScreen.xib */ = {
			isa = PBXVariantGroup;
			children = (
				B58D648A1A899094005A0002 /* Base */,
			);
			name = LaunchScreen.xib;
			sourceTree = "<group>";
		};
		B58D648B1A899094005A0002 /* Main.storyboard */ = {
			isa = PBXVariantGroup;
			children = (
				B58D648C1A899094005A0002 /* Base */,
			);
			name = Main.storyboard;
			sourceTree = "<group>";
		};
		B5A85A7E1B20DAD5003463BA /* MainMenu.xib */ = {
			isa = PBXVariantGroup;
			children = (
				B5A85A7F1B20DAD5003463BA /* Base */,
			);
			name = MainMenu.xib;
			sourceTree = "<group>";
		};
/* End PBXVariantGroup section */

/* Begin XCBuildConfiguration section */
		B504E6301A89230F001B414B /* Debug */ = {
			isa = XCBuildConfiguration;
			buildSettings = {
				ALWAYS_SEARCH_USER_PATHS = NO;
				CLANG_CXX_LANGUAGE_STANDARD = "gnu++0x";
				CLANG_CXX_LIBRARY = "libc++";
				CLANG_ENABLE_MODULES = YES;
				CLANG_ENABLE_OBJC_ARC = YES;
				CLANG_WARN_BOOL_CONVERSION = YES;
				CLANG_WARN_CONSTANT_CONVERSION = YES;
				CLANG_WARN_DIRECT_OBJC_ISA_USAGE = YES_ERROR;
				CLANG_WARN_EMPTY_BODY = YES;
				CLANG_WARN_ENUM_CONVERSION = YES;
				CLANG_WARN_INT_CONVERSION = YES;
				CLANG_WARN_OBJC_ROOT_CLASS = YES_ERROR;
				CLANG_WARN_UNREACHABLE_CODE = YES;
				CLANG_WARN__DUPLICATE_METHOD_MATCH = YES;
				"CODE_SIGN_IDENTITY[sdk=iphoneos*]" = "iPhone Developer";
				COPY_PHASE_STRIP = NO;
				ENABLE_STRICT_OBJC_MSGSEND = YES;
				GCC_C_LANGUAGE_STANDARD = gnu99;
				GCC_DYNAMIC_NO_PIC = NO;
				GCC_OPTIMIZATION_LEVEL = 0;
				GCC_PREPROCESSOR_DEFINITIONS = (
					"DEBUG=1",
					"$(inherited)",
				);
				GCC_SYMBOLS_PRIVATE_EXTERN = NO;
				GCC_WARN_64_TO_32_BIT_CONVERSION = YES;
				GCC_WARN_ABOUT_RETURN_TYPE = YES_ERROR;
				GCC_WARN_UNDECLARED_SELECTOR = YES;
				GCC_WARN_UNINITIALIZED_AUTOS = YES_AGGRESSIVE;
				GCC_WARN_UNUSED_FUNCTION = YES;
				GCC_WARN_UNUSED_VARIABLE = YES;
				IPHONEOS_DEPLOYMENT_TARGET = 8.1;
				MTL_ENABLE_DEBUG_INFO = YES;
				ONLY_ACTIVE_ARCH = YES;
				SDKROOT = iphoneos;
				SWIFT_OPTIMIZATION_LEVEL = "-Onone";
			};
			name = Debug;
		};
		B504E6311A89230F001B414B /* Release */ = {
			isa = XCBuildConfiguration;
			buildSettings = {
				ALWAYS_SEARCH_USER_PATHS = NO;
				CLANG_CXX_LANGUAGE_STANDARD = "gnu++0x";
				CLANG_CXX_LIBRARY = "libc++";
				CLANG_ENABLE_MODULES = YES;
				CLANG_ENABLE_OBJC_ARC = YES;
				CLANG_WARN_BOOL_CONVERSION = YES;
				CLANG_WARN_CONSTANT_CONVERSION = YES;
				CLANG_WARN_DIRECT_OBJC_ISA_USAGE = YES_ERROR;
				CLANG_WARN_EMPTY_BODY = YES;
				CLANG_WARN_ENUM_CONVERSION = YES;
				CLANG_WARN_INT_CONVERSION = YES;
				CLANG_WARN_OBJC_ROOT_CLASS = YES_ERROR;
				CLANG_WARN_UNREACHABLE_CODE = YES;
				CLANG_WARN__DUPLICATE_METHOD_MATCH = YES;
				"CODE_SIGN_IDENTITY[sdk=iphoneos*]" = "iPhone Developer";
				COPY_PHASE_STRIP = YES;
				ENABLE_NS_ASSERTIONS = NO;
				ENABLE_STRICT_OBJC_MSGSEND = YES;
				GCC_C_LANGUAGE_STANDARD = gnu99;
				GCC_WARN_64_TO_32_BIT_CONVERSION = YES;
				GCC_WARN_ABOUT_RETURN_TYPE = YES_ERROR;
				GCC_WARN_UNDECLARED_SELECTOR = YES;
				GCC_WARN_UNINITIALIZED_AUTOS = YES_AGGRESSIVE;
				GCC_WARN_UNUSED_FUNCTION = YES;
				GCC_WARN_UNUSED_VARIABLE = YES;
				IPHONEOS_DEPLOYMENT_TARGET = 8.1;
				MTL_ENABLE_DEBUG_INFO = NO;
				SDKROOT = iphoneos;
				VALIDATE_PRODUCT = YES;
			};
			name = Release;
		};
		B504E6331A89230F001B414B /* Debug */ = {
			isa = XCBuildConfiguration;
			buildSettings = {
				ASSETCATALOG_COMPILER_APPICON_NAME = AppIcon;
				INFOPLIST_FILE = "$(SRCROOT)/Tests/TestHost/Info.plist";
				LD_RUNPATH_SEARCH_PATHS = "$(inherited) @executable_path/Frameworks";
				PRODUCT_NAME = ChronicleTest;
			};
			name = Debug;
		};
		B504E6341A89230F001B414B /* Release */ = {
			isa = XCBuildConfiguration;
			buildSettings = {
				ASSETCATALOG_COMPILER_APPICON_NAME = AppIcon;
				INFOPLIST_FILE = "$(SRCROOT)/Tests/TestHost/Info.plist";
				LD_RUNPATH_SEARCH_PATHS = "$(inherited) @executable_path/Frameworks";
				PRODUCT_NAME = ChronicleTest;
			};
			name = Release;
		};
		B504E6601A8968DC001B414B /* Debug */ = {
			isa = XCBuildConfiguration;
			buildSettings = {
				CURRENT_PROJECT_VERSION = 1;
				DEFINES_MODULE = YES;
				DYLIB_COMPATIBILITY_VERSION = 1;
				DYLIB_CURRENT_VERSION = 1;
				DYLIB_INSTALL_NAME_BASE = "@rpath";
				GCC_PREPROCESSOR_DEFINITIONS = (
					"DEBUG=1",
					"$(inherited)",
				);
				INFOPLIST_FILE = Chronicle/iOS/Info.plist;
				INSTALL_PATH = "$(LOCAL_LIBRARY_DIR)/Frameworks";
				LD_RUNPATH_SEARCH_PATHS = "$(inherited) @executable_path/Frameworks @loader_path/Frameworks";
				PRODUCT_NAME = Chronicle;
				SKIP_INSTALL = YES;
				TARGETED_DEVICE_FAMILY = "1,2";
				VERSIONING_SYSTEM = "apple-generic";
				VERSION_INFO_PREFIX = "";
			};
			name = Debug;
		};
		B504E6611A8968DC001B414B /* Release */ = {
			isa = XCBuildConfiguration;
			buildSettings = {
				CURRENT_PROJECT_VERSION = 1;
				DEFINES_MODULE = YES;
				DYLIB_COMPATIBILITY_VERSION = 1;
				DYLIB_CURRENT_VERSION = 1;
				DYLIB_INSTALL_NAME_BASE = "@rpath";
				INFOPLIST_FILE = Chronicle/iOS/Info.plist;
				INSTALL_PATH = "$(LOCAL_LIBRARY_DIR)/Frameworks";
				LD_RUNPATH_SEARCH_PATHS = "$(inherited) @executable_path/Frameworks @loader_path/Frameworks";
				PRODUCT_NAME = Chronicle;
				SKIP_INSTALL = YES;
				TARGETED_DEVICE_FAMILY = "1,2";
				VERSIONING_SYSTEM = "apple-generic";
				VERSION_INFO_PREFIX = "";
			};
			name = Release;
		};
		B504E6681A89690C001B414B /* Debug */ = {
			isa = XCBuildConfiguration;
			buildSettings = {
				PRODUCT_NAME = "$(TARGET_NAME)";
			};
			name = Debug;
		};
		B504E6691A89690C001B414B /* Release */ = {
			isa = XCBuildConfiguration;
			buildSettings = {
				PRODUCT_NAME = "$(TARGET_NAME)";
			};
			name = Release;
		};
		B504E6A21A896E82001B414B /* Debug */ = {
			isa = XCBuildConfiguration;
			buildSettings = {
				FRAMEWORK_SEARCH_PATHS = (
					"$(SDKROOT)/Developer/Library/Frameworks",
					"$(inherited)",
				);
				GCC_PREPROCESSOR_DEFINITIONS = (
					"DEBUG=1",
					"$(inherited)",
				);
				INFOPLIST_FILE = Tests/Info.plist;
				LD_RUNPATH_SEARCH_PATHS = "$(inherited) @executable_path/Frameworks @loader_path/Frameworks";
				PRODUCT_NAME = "$(TARGET_NAME)";
				TEST_HOST = "$(BUILT_PRODUCTS_DIR)/TestHost.app/TestHost";
			};
			name = Debug;
		};
		B504E6A31A896E82001B414B /* Release */ = {
			isa = XCBuildConfiguration;
			buildSettings = {
				FRAMEWORK_SEARCH_PATHS = (
					"$(SDKROOT)/Developer/Library/Frameworks",
					"$(inherited)",
				);
				INFOPLIST_FILE = Tests/Info.plist;
				LD_RUNPATH_SEARCH_PATHS = "$(inherited) @executable_path/Frameworks @loader_path/Frameworks";
				PRODUCT_NAME = "$(TARGET_NAME)";
				TEST_HOST = "$(BUILT_PRODUCTS_DIR)/TestHost.app/TestHost";
			};
			name = Release;
		};
		B504E6C31A898111001B414B /* Debug */ = {
			isa = XCBuildConfiguration;
			buildSettings = {
				CODE_SIGN_IDENTITY = "Mac Developer";
				COMBINE_HIDPI_IMAGES = YES;
				CURRENT_PROJECT_VERSION = 1;
				DEFINES_MODULE = YES;
				DYLIB_COMPATIBILITY_VERSION = 1;
				DYLIB_CURRENT_VERSION = 1;
				DYLIB_INSTALL_NAME_BASE = "@rpath";
				FRAMEWORK_VERSION = A;
				GCC_PREPROCESSOR_DEFINITIONS = (
					"DEBUG=1",
					"$(inherited)",
				);
				INFOPLIST_FILE = Chronicle/Mac/Info.plist;
				INSTALL_PATH = "$(LOCAL_LIBRARY_DIR)/Frameworks";
				LD_RUNPATH_SEARCH_PATHS = "$(inherited) @executable_path/../Frameworks @loader_path/Frameworks";
				MACOSX_DEPLOYMENT_TARGET = 10.10;
				PRODUCT_NAME = Chronicle;
				SDKROOT = macosx;
				SKIP_INSTALL = YES;
				VERSIONING_SYSTEM = "apple-generic";
				VERSION_INFO_PREFIX = "";
			};
			name = Debug;
		};
		B504E6C41A898111001B414B /* Release */ = {
			isa = XCBuildConfiguration;
			buildSettings = {
				CODE_SIGN_IDENTITY = "Mac Developer";
				COMBINE_HIDPI_IMAGES = YES;
				CURRENT_PROJECT_VERSION = 1;
				DEBUG_INFORMATION_FORMAT = "dwarf-with-dsym";
				DEFINES_MODULE = YES;
				DYLIB_COMPATIBILITY_VERSION = 1;
				DYLIB_CURRENT_VERSION = 1;
				DYLIB_INSTALL_NAME_BASE = "@rpath";
				FRAMEWORK_VERSION = A;
				INFOPLIST_FILE = Chronicle/Mac/Info.plist;
				INSTALL_PATH = "$(LOCAL_LIBRARY_DIR)/Frameworks";
				LD_RUNPATH_SEARCH_PATHS = "$(inherited) @executable_path/../Frameworks @loader_path/Frameworks";
				MACOSX_DEPLOYMENT_TARGET = 10.10;
				PRODUCT_NAME = Chronicle;
				SDKROOT = macosx;
				SKIP_INSTALL = YES;
				VERSIONING_SYSTEM = "apple-generic";
				VERSION_INFO_PREFIX = "";
			};
			name = Release;
		};
		B5A85A8E1B20DAD6003463BA /* Debug */ = {
			isa = XCBuildConfiguration;
			buildSettings = {
				ASSETCATALOG_COMPILER_APPICON_NAME = AppIcon;
				CODE_SIGN_IDENTITY = "-";
				COMBINE_HIDPI_IMAGES = YES;
				DEBUG_INFORMATION_FORMAT = dwarf;
				GCC_NO_COMMON_BLOCKS = YES;
				GCC_PREPROCESSOR_DEFINITIONS = (
					"DEBUG=1",
					"$(inherited)",
				);
				INFOPLIST_FILE = Listener_Mac/Info.plist;
				LD_RUNPATH_SEARCH_PATHS = "$(inherited) @executable_path/../Frameworks";
				MACOSX_DEPLOYMENT_TARGET = 10.10;
				PRODUCT_NAME = "$(TARGET_NAME)";
				SDKROOT = macosx;
			};
			name = Debug;
		};
		B5A85A8F1B20DAD6003463BA /* Release */ = {
			isa = XCBuildConfiguration;
			buildSettings = {
				ASSETCATALOG_COMPILER_APPICON_NAME = AppIcon;
				CODE_SIGN_IDENTITY = "-";
				COMBINE_HIDPI_IMAGES = YES;
				COPY_PHASE_STRIP = NO;
				DEBUG_INFORMATION_FORMAT = "dwarf-with-dsym";
				GCC_NO_COMMON_BLOCKS = YES;
				INFOPLIST_FILE = Listener_Mac/Info.plist;
				LD_RUNPATH_SEARCH_PATHS = "$(inherited) @executable_path/../Frameworks";
				MACOSX_DEPLOYMENT_TARGET = 10.10;
				PRODUCT_NAME = "$(TARGET_NAME)";
				SDKROOT = macosx;
			};
			name = Release;
		};
		B5A85A911B20DAD6003463BA /* Debug */ = {
			isa = XCBuildConfiguration;
			buildSettings = {
				BUNDLE_LOADER = "$(TEST_HOST)";
				COMBINE_HIDPI_IMAGES = YES;
				DEBUG_INFORMATION_FORMAT = dwarf;
				FRAMEWORK_SEARCH_PATHS = (
					"$(DEVELOPER_FRAMEWORKS_DIR)",
					"$(inherited)",
				);
				GCC_NO_COMMON_BLOCKS = YES;
				GCC_PREPROCESSOR_DEFINITIONS = (
					"DEBUG=1",
					"$(inherited)",
				);
				INFOPLIST_FILE = Listener_MacTests/Info.plist;
				LD_RUNPATH_SEARCH_PATHS = "$(inherited) @executable_path/../Frameworks @loader_path/../Frameworks";
				MACOSX_DEPLOYMENT_TARGET = 10.10;
				PRODUCT_NAME = "$(TARGET_NAME)";
				SDKROOT = macosx;
				TEST_HOST = "$(BUILT_PRODUCTS_DIR)/Listener_Mac.app/Contents/MacOS/Listener_Mac";
			};
			name = Debug;
		};
		B5A85A921B20DAD6003463BA /* Release */ = {
			isa = XCBuildConfiguration;
			buildSettings = {
				BUNDLE_LOADER = "$(TEST_HOST)";
				COMBINE_HIDPI_IMAGES = YES;
				COPY_PHASE_STRIP = NO;
				DEBUG_INFORMATION_FORMAT = "dwarf-with-dsym";
				FRAMEWORK_SEARCH_PATHS = (
					"$(DEVELOPER_FRAMEWORKS_DIR)",
					"$(inherited)",
				);
				GCC_NO_COMMON_BLOCKS = YES;
				INFOPLIST_FILE = Listener_MacTests/Info.plist;
				LD_RUNPATH_SEARCH_PATHS = "$(inherited) @executable_path/../Frameworks @loader_path/../Frameworks";
				MACOSX_DEPLOYMENT_TARGET = 10.10;
				PRODUCT_NAME = "$(TARGET_NAME)";
				SDKROOT = macosx;
				TEST_HOST = "$(BUILT_PRODUCTS_DIR)/Listener_Mac.app/Contents/MacOS/Listener_Mac";
			};
			name = Release;
		};
/* End XCBuildConfiguration section */

/* Begin XCConfigurationList section */
		B504E60E1A89230F001B414B /* Build configuration list for PBXProject "Chronicle" */ = {
			isa = XCConfigurationList;
			buildConfigurations = (
				B504E6301A89230F001B414B /* Debug */,
				B504E6311A89230F001B414B /* Release */,
			);
			defaultConfigurationIsVisible = 0;
			defaultConfigurationName = Release;
		};
		B504E6321A89230F001B414B /* Build configuration list for PBXNativeTarget "TestHost" */ = {
			isa = XCConfigurationList;
			buildConfigurations = (
				B504E6331A89230F001B414B /* Debug */,
				B504E6341A89230F001B414B /* Release */,
			);
			defaultConfigurationIsVisible = 0;
			defaultConfigurationName = Release;
		};
		B504E65F1A8968DC001B414B /* Build configuration list for PBXNativeTarget "Chronicle_iOS" */ = {
			isa = XCConfigurationList;
			buildConfigurations = (
				B504E6601A8968DC001B414B /* Debug */,
				B504E6611A8968DC001B414B /* Release */,
			);
			defaultConfigurationIsVisible = 0;
			defaultConfigurationName = Release;
		};
		B504E6671A89690C001B414B /* Build configuration list for PBXAggregateTarget "Combined Framework" */ = {
			isa = XCConfigurationList;
			buildConfigurations = (
				B504E6681A89690C001B414B /* Debug */,
				B504E6691A89690C001B414B /* Release */,
			);
			defaultConfigurationIsVisible = 0;
			defaultConfigurationName = Release;
		};
		B504E6A11A896E82001B414B /* Build configuration list for PBXNativeTarget "Chronicle Tests" */ = {
			isa = XCConfigurationList;
			buildConfigurations = (
				B504E6A21A896E82001B414B /* Debug */,
				B504E6A31A896E82001B414B /* Release */,
			);
			defaultConfigurationIsVisible = 0;
			defaultConfigurationName = Release;
		};
		B504E6C21A898111001B414B /* Build configuration list for PBXNativeTarget "Chronicle_Mac" */ = {
			isa = XCConfigurationList;
			buildConfigurations = (
				B504E6C31A898111001B414B /* Debug */,
				B504E6C41A898111001B414B /* Release */,
			);
			defaultConfigurationIsVisible = 0;
			defaultConfigurationName = Release;
		};
		B5A85A8D1B20DAD6003463BA /* Build configuration list for PBXNativeTarget "Listener_Mac" */ = {
			isa = XCConfigurationList;
			buildConfigurations = (
				B5A85A8E1B20DAD6003463BA /* Debug */,
				B5A85A8F1B20DAD6003463BA /* Release */,
			);
			defaultConfigurationIsVisible = 0;
			defaultConfigurationName = Release;
		};
		B5A85A901B20DAD6003463BA /* Build configuration list for PBXNativeTarget "Listener_MacTests" */ = {
			isa = XCConfigurationList;
			buildConfigurations = (
				B5A85A911B20DAD6003463BA /* Debug */,
				B5A85A921B20DAD6003463BA /* Release */,
			);
			defaultConfigurationIsVisible = 0;
			defaultConfigurationName = Release;
		};
/* End XCConfigurationList section */
	};
	rootObject = B504E60B1A89230F001B414B /* Project object */;
}
